
Microsoft Visual Studio Solution File, Format Version 12.00
# Visual Studio 15
VisualStudioVersion = 15.0.27130.2010
MinimumVisualStudioVersion = 10.0.40219.1
Project("{2150E333-8FDC-42A3-9474-1A3956D46DE8}") = "1- Services", "1- Services", "{C3213805-58DA-4FB0-B668-11FD7322E947}"
EndProject
Project("{2150E333-8FDC-42A3-9474-1A3956D46DE8}") = "3- Domain", "3- Domain", "{75D2A354-345A-4D13-AAF1-6777D4FEE714}"
EndProject
Project("{2150E333-8FDC-42A3-9474-1A3956D46DE8}") = "4- Infra", "4- Infra", "{02074C98-41B2-4A0F-8DF5-E0F8EB75DE1A}"
EndProject
Project("{2150E333-8FDC-42A3-9474-1A3956D46DE8}") = "4.1 - Data", "4.1 - Data", "{09D2771F-B934-4076-9A4E-96C1E3140918}"
EndProject
Project("{2150E333-8FDC-42A3-9474-1A3956D46DE8}") = "2- Application", "2- Application", "{D518D54B-6D29-490A-A4DB-BEDD7F75572A}"
EndProject
Project("{9A19103F-16F7-4668-BE54-9A1E7A4F7556}") = "Redbet.Domain", "src\Redbet.Domain\Redbet.Domain.csproj", "{3181537C-B599-4D19-8F67-724D475B6946}"
EndProject
Project("{9A19103F-16F7-4668-BE54-9A1E7A4F7556}") = "Redbet.Api", "src\Redbet.Api\Redbet.Api.csproj", "{4F77736D-8B0F-4478-81F3-A57917DA7575}"
EndProject
Project("{2150E333-8FDC-42A3-9474-1A3956D46DE8}") = "5- Tests", "5- Tests", "{0C0B360C-E5BC-4B64-AAD6-C0E302A2A048}"
EndProject
Project("{FAE04EC0-301F-11D3-BF4B-00C04F79EFBC}") = "Redbet.Domain.Core", "src\Redbet.Domain.Core\Redbet.Domain.Core.csproj", "{81A4D1FD-CAFF-4747-96AF-37BC5F73BF53}"
EndProject
Project("{FAE04EC0-301F-11D3-BF4B-00C04F79EFBC}") = "Console.Testing", "Console.Testing\Console.Testing.csproj", "{78DA5A6C-418D-40B3-BB99-233B4C1359B6}"
EndProject
Project("{FAE04EC0-301F-11D3-BF4B-00C04F79EFBC}") = "Redbet.Infra.Data", "src\Redbet.Infra.Data\Redbet.Infra.Data.csproj", "{58A05677-4CCD-4284-B809-9045BFEA5243}"
EndProject
Global
	GlobalSection(SolutionConfigurationPlatforms) = preSolution
		Debug|Any CPU = Debug|Any CPU
		Release|Any CPU = Release|Any CPU
	EndGlobalSection
	GlobalSection(ProjectConfigurationPlatforms) = postSolution
		{3181537C-B599-4D19-8F67-724D475B6946}.Debug|Any CPU.ActiveCfg = Debug|Any CPU
		{3181537C-B599-4D19-8F67-724D475B6946}.Debug|Any CPU.Build.0 = Debug|Any CPU
		{3181537C-B599-4D19-8F67-724D475B6946}.Release|Any CPU.ActiveCfg = Release|Any CPU
		{3181537C-B599-4D19-8F67-724D475B6946}.Release|Any CPU.Build.0 = Release|Any CPU
		{4F77736D-8B0F-4478-81F3-A57917DA7575}.Debug|Any CPU.ActiveCfg = Debug|Any CPU
		{4F77736D-8B0F-4478-81F3-A57917DA7575}.Debug|Any CPU.Build.0 = Debug|Any CPU
		{4F77736D-8B0F-4478-81F3-A57917DA7575}.Release|Any CPU.ActiveCfg = Release|Any CPU
		{4F77736D-8B0F-4478-81F3-A57917DA7575}.Release|Any CPU.Build.0 = Release|Any CPU
		{81A4D1FD-CAFF-4747-96AF-37BC5F73BF53}.Debug|Any CPU.ActiveCfg = Debug|Any CPU
		{81A4D1FD-CAFF-4747-96AF-37BC5F73BF53}.Debug|Any CPU.Build.0 = Debug|Any CPU
		{81A4D1FD-CAFF-4747-96AF-37BC5F73BF53}.Release|Any CPU.ActiveCfg = Release|Any CPU
		{81A4D1FD-CAFF-4747-96AF-37BC5F73BF53}.Release|Any CPU.Build.0 = Release|Any CPU
		{78DA5A6C-418D-40B3-BB99-233B4C1359B6}.Debug|Any CPU.ActiveCfg = Debug|Any CPU
		{78DA5A6C-418D-40B3-BB99-233B4C1359B6}.Debug|Any CPU.Build.0 = Debug|Any CPU
		{78DA5A6C-418D-40B3-BB99-233B4C1359B6}.Release|Any CPU.ActiveCfg = Release|Any CPU
		{78DA5A6C-418D-40B3-BB99-233B4C1359B6}.Release|Any CPU.Build.0 = Release|Any CPU
		{58A05677-4CCD-4284-B809-9045BFEA5243}.Debug|Any CPU.ActiveCfg = Debug|Any CPU
		{58A05677-4CCD-4284-B809-9045BFEA5243}.Debug|Any CPU.Build.0 = Debug|Any CPU
		{58A05677-4CCD-4284-B809-9045BFEA5243}.Release|Any CPU.ActiveCfg = Release|Any CPU
		{58A05677-4CCD-4284-B809-9045BFEA5243}.Release|Any CPU.Build.0 = Release|Any CPU
	EndGlobalSection
	GlobalSection(SolutionProperties) = preSolution
		HideSolutionNode = FALSE
	EndGlobalSection
	GlobalSection(NestedProjects) = preSolution
		{09D2771F-B934-4076-9A4E-96C1E3140918} = {02074C98-41B2-4A0F-8DF5-E0F8EB75DE1A}
		{3181537C-B599-4D19-8F67-724D475B6946} = {75D2A354-345A-4D13-AAF1-6777D4FEE714}
		{4F77736D-8B0F-4478-81F3-A57917DA7575} = {C3213805-58DA-4FB0-B668-11FD7322E947}
		{81A4D1FD-CAFF-4747-96AF-37BC5F73BF53} = {75D2A354-345A-4D13-AAF1-6777D4FEE714}
		{78DA5A6C-418D-40B3-BB99-233B4C1359B6} = {0C0B360C-E5BC-4B64-AAD6-C0E302A2A048}
		{58A05677-4CCD-4284-B809-9045BFEA5243} = {09D2771F-B934-4076-9A4E-96C1E3140918}
	EndGlobalSection
	GlobalSection(ExtensibilityGlobals) = postSolution
		SolutionGuid = {142711BC-E76B-4B29-AE33-265B42F62605}
	EndGlobalSection
EndGlobal
